
Microsoft Visual Studio Solution File, Format Version 12.00
# Visual Studio Version 16
VisualStudioVersion = 16.0.29215.179
MinimumVisualStudioVersion = 10.0.40219.1
Project("{9A19103F-16F7-4668-BE54-9A1E7A4F7556}") = "AnimalAdoption.Service.Cart.Api", "Cart.Api\AnimalAdoption.Service.Cart.Api.csproj", "{AE0B6EB9-C0AD-4474-8B57-B3CF5CEBAC90}"
EndProject
Project("{9A19103F-16F7-4668-BE54-9A1E7A4F7556}") = "AnimalAdoption.Service.Cart.Contracts", "Cart.Contracts\AnimalAdoption.Service.Cart.Contracts.csproj", "{BE9E0460-9D94-478E-956B-98A85733EA5F}"
EndProject
Project("{FAE04EC0-301F-11D3-BF4B-00C04F79EFBC}") = "AnimalAdoption.Service.Cart.UnitTests", "Cart.UnitTests\AnimalAdoption.Service.Cart.UnitTests.csproj", "{098D55C0-888B-4039-925C-F4659CA083CD}"
EndProject
Project("{FAE04EC0-301F-11D3-BF4B-00C04F79EFBC}") = "AnimalAdoption.Service.Cart.Domain", "Cart.Domain\AnimalAdoption.Service.Cart.Domain.csproj", "{9FD015D9-BBBD-44C3-BC94-07C22791DEA2}"
EndProject
Global
	GlobalSection(SolutionConfigurationPlatforms) = preSolution
		Debug|Any CPU = Debug|Any CPU
		Release|Any CPU = Release|Any CPU
	EndGlobalSection
	GlobalSection(ProjectConfigurationPlatforms) = postSolution
		{AE0B6EB9-C0AD-4474-8B57-B3CF5CEBAC90}.Debug|Any CPU.ActiveCfg = Debug|Any CPU
		{AE0B6EB9-C0AD-4474-8B57-B3CF5CEBAC90}.Debug|Any CPU.Build.0 = Debug|Any CPU
		{AE0B6EB9-C0AD-4474-8B57-B3CF5CEBAC90}.Release|Any CPU.ActiveCfg = Release|Any CPU
		{AE0B6EB9-C0AD-4474-8B57-B3CF5CEBAC90}.Release|Any CPU.Build.0 = Release|Any CPU
		{BE9E0460-9D94-478E-956B-98A85733EA5F}.Debug|Any CPU.ActiveCfg = Debug|Any CPU
		{BE9E0460-9D94-478E-956B-98A85733EA5F}.Debug|Any CPU.Build.0 = Debug|Any CPU
		{BE9E0460-9D94-478E-956B-98A85733EA5F}.Release|Any CPU.ActiveCfg = Release|Any CPU
		{BE9E0460-9D94-478E-956B-98A85733EA5F}.Release|Any CPU.Build.0 = Release|Any CPU
		{098D55C0-888B-4039-925C-F4659CA083CD}.Debug|Any CPU.ActiveCfg = Debug|Any CPU
		{098D55C0-888B-4039-925C-F4659CA083CD}.Debug|Any CPU.Build.0 = Debug|Any CPU
		{098D55C0-888B-4039-925C-F4659CA083CD}.Release|Any CPU.ActiveCfg = Release|Any CPU
		{098D55C0-888B-4039-925C-F4659CA083CD}.Release|Any CPU.Build.0 = Release|Any CPU
		{9FD015D9-BBBD-44C3-BC94-07C22791DEA2}.Debug|Any CPU.ActiveCfg = Debug|Any CPU
		{9FD015D9-BBBD-44C3-BC94-07C22791DEA2}.Debug|Any CPU.Build.0 = Debug|Any CPU
		{9FD015D9-BBBD-44C3-BC94-07C22791DEA2}.Release|Any CPU.ActiveCfg = Release|Any CPU
		{9FD015D9-BBBD-44C3-BC94-07C22791DEA2}.Release|Any CPU.Build.0 = Release|Any CPU
	EndGlobalSection
	GlobalSection(SolutionProperties) = preSolution
		HideSolutionNode = FALSE
	EndGlobalSection
	GlobalSection(ExtensibilityGlobals) = postSolution
		SolutionGuid = {37C2012D-5B1D-49BE-B6B0-258B7F15EDD0}
	EndGlobalSection
EndGlobal
